// !$*UTF8*$!
{
	archiveVersion = 1;
	classes = {
	};
	objectVersion = 46;
	objects = {

/* Begin PBXBuildFile section */
		ACDDAAE51E9CFA9F00DACAFC /* AppDelegate.swift in Sources */ = {isa = PBXBuildFile; fileRef = ACDDAAE41E9CFA9F00DACAFC /* AppDelegate.swift */; };
		ACDDAAE71E9CFA9F00DACAFC /* ViewController.swift in Sources */ = {isa = PBXBuildFile; fileRef = ACDDAAE61E9CFA9F00DACAFC /* ViewController.swift */; };
		ACDDAAEA1E9CFA9F00DACAFC /* Main.storyboard in Resources */ = {isa = PBXBuildFile; fileRef = ACDDAAE81E9CFA9F00DACAFC /* Main.storyboard */; };
		ACDDAAEC1E9CFA9F00DACAFC /* Assets.xcassets in Resources */ = {isa = PBXBuildFile; fileRef = ACDDAAEB1E9CFA9F00DACAFC /* Assets.xcassets */; };
		ACDDAAEF1E9CFA9F00DACAFC /* LaunchScreen.storyboard in Resources */ = {isa = PBXBuildFile; fileRef = ACDDAAED1E9CFA9F00DACAFC /* LaunchScreen.storyboard */; };
/* End PBXBuildFile section */

/* Begin PBXFileReference section */
		ACDDAAE11E9CFA9F00DACAFC /* Parallaxe.app */ = {isa = PBXFileReference; explicitFileType = wrapper.application; includeInIndex = 0; path = Parallaxe.app; sourceTree = BUILT_PRODUCTS_DIR; };
		ACDDAAE41E9CFA9F00DACAFC /* AppDelegate.swift */ = {isa = PBXFileReference; lastKnownFileType = sourcecode.swift; path = AppDelegate.swift; sourceTree = "<group>"; };
		ACDDAAE61E9CFA9F00DACAFC /* ViewController.swift */ = {isa = PBXFileReference; lastKnownFileType = sourcecode.swift; path = ViewController.swift; sourceTree = "<group>"; };
		ACDDAAE91E9CFA9F00DACAFC /* Base */ = {isa = PBXFileReference; lastKnownFileType = file.storyboard; name = Base; path = Base.lproj/Main.storyboard; sourceTree = "<group>"; };
		ACDDAAEB1E9CFA9F00DACAFC /* Assets.xcassets */ = {isa = PBXFileReference; lastKnownFileType = folder.assetcatalog; path = Assets.xcassets; sourceTree = "<group>"; };
		ACDDAAEE1E9CFA9F00DACAFC /* Base */ = {isa = PBXFileReference; lastKnownFileType = file.storyboard; name = Base; path = Base.lproj/LaunchScreen.storyboard; sourceTree = "<group>"; };
		ACDDAAF01E9CFA9F00DACAFC /* Info.plist */ = {isa = PBXFileReference; lastKnownFileType = text.plist.xml; path = Info.plist; sourceTree = "<group>"; };
/* End PBXFileReference section */

/* Begin PBXFrameworksBuildPhase section */
		ACDDAADE1E9CFA9F00DACAFC /* Frameworks */ = {
			isa = PBXFrameworksBuildPhase;
			buildActionMask = 2147483647;
			files = (
			);
			runOnlyForDeploymentPostprocessing = 0;
		};
/* End PBXFrameworksBuildPhase section */

/* Begin PBXGroup section */
		ACDDAAD81E9CFA9F00DACAFC = {
			isa = PBXGroup;
			children = (
				ACDDAAE31E9CFA9F00DACAFC /* Parallaxe */,
				ACDDAAE21E9CFA9F00DACAFC /* Products */,
			);
			sourceTree = "<group>";
		};
		ACDDAAE21E9CFA9F00DACAFC /* Products */ = {
			isa = PBXGroup;
			children = (
				ACDDAAE11E9CFA9F00DACAFC /* Parallaxe.app */,
			);
			name = Products;
			sourceTree = "<group>";
		};
		ACDDAAE31E9CFA9F00DACAFC /* Parallaxe */ = {
			isa = PBXGroup;
			children = (
				ACDDAAE41E9CFA9F00DACAFC /* AppDelegate.swift */,
				ACDDAAE61E9CFA9F00DACAFC /* ViewController.swift */,
				ACDDAAE81E9CFA9F00DACAFC /* Main.storyboard */,
				ACDDAAEB1E9CFA9F00DACAFC /* Assets.xcassets */,
				ACDDAAED1E9CFA9F00DACAFC /* LaunchScreen.storyboard */,
				ACDDAAF01E9CFA9F00DACAFC /* Info.plist */,
			);
			path = Parallaxe;
			sourceTree = "<group>";
		};
/* End PBXGroup section */

/* Begin PBXNativeTarget section */
		ACDDAAE01E9CFA9F00DACAFC /* Parallaxe */ = {
			isa = PBXNativeTarget;
			buildConfigurationList = ACDDAAF31E9CFA9F00DACAFC /* Build configuration list for PBXNativeTarget "Parallaxe" */;
			buildPhases = (
				ACDDAADD1E9CFA9F00DACAFC /* Sources */,
				ACDDAADE1E9CFA9F00DACAFC /* Frameworks */,
				ACDDAADF1E9CFA9F00DACAFC /* Resources */,
			);
			buildRules = (
			);
			dependencies = (
			);
			name = Parallaxe;
			productName = Parallaxe;
			productReference = ACDDAAE11E9CFA9F00DACAFC /* Parallaxe.app */;
			productType = "com.apple.product-type.application";
		};
/* End PBXNativeTarget section */

/* Begin PBXProject section */
		ACDDAAD91E9CFA9F00DACAFC /* Project object */ = {
			isa = PBXProject;
			attributes = {
				LastSwiftUpdateCheck = 0830;
				LastUpgradeCheck = 0830;
				ORGANIZATIONNAME = "Alexandre Torres";
				TargetAttributes = {
					ACDDAAE01E9CFA9F00DACAFC = {
						CreatedOnToolsVersion = 8.3;
						DevelopmentTeam = RS63YP55QE;
						ProvisioningStyle = Automatic;
					};
				};
			};
			buildConfigurationList = ACDDAADC1E9CFA9F00DACAFC /* Build configuration list for PBXProject "Parallaxe" */;
			compatibilityVersion = "Xcode 3.2";
			developmentRegion = English;
			hasScannedForEncodings = 0;
			knownRegions = (
				en,
				Base,
			);
			mainGroup = ACDDAAD81E9CFA9F00DACAFC;
			productRefGroup = ACDDAAE21E9CFA9F00DACAFC /* Products */;
			projectDirPath = "";
			projectRoot = "";
			targets = (
				ACDDAAE01E9CFA9F00DACAFC /* Parallaxe */,
			);
		};
/* End PBXProject section */

/* Begin PBXResourcesBuildPhase section */
		ACDDAADF1E9CFA9F00DACAFC /* Resources */ = {
			isa = PBXResourcesBuildPhase;
			buildActionMask = 2147483647;
			files = (
				ACDDAAEF1E9CFA9F00DACAFC /* LaunchScreen.storyboard in Resources */,
				ACDDAAEC1E9CFA9F00DACAFC /* Assets.xcassets in Resources */,
				ACDDAAEA1E9CFA9F00DACAFC /* Main.storyboard in Resources */,
			);
			runOnlyForDeploymentPostprocessing = 0;
		};
/* End PBXResourcesBuildPhase section */

/* Begin PBXSourcesBuildPhase section */
		ACDDAADD1E9CFA9F00DACAFC /* Sources */ = {
			isa = PBXSourcesBuildPhase;
			buildActionMask = 2147483647;
			files = (
				ACDDAAE71E9CFA9F00DACAFC /* ViewController.swift in Sources */,
				ACDDAAE51E9CFA9F00DACAFC /* AppDelegate.swift in Sources */,
			);
			runOnlyForDeploymentPostprocessing = 0;
		};
/* End PBXSourcesBuildPhase section */

/* Begin PBXVariantGroup section */
		ACDDAAE81E9CFA9F00DACAFC /* Main.storyboard */ = {
			isa = PBXVariantGroup;
			children = (
				ACDDAAE91E9CFA9F00DACAFC /* Base */,
			);
			name = Main.storyboard;
			sourceTree = "<group>";
		};
		ACDDAAED1E9CFA9F00DACAFC /* LaunchScreen.storyboard */ = {
			isa = PBXVariantGroup;
			children = (
				ACDDAAEE1E9CFA9F00DACAFC /* Base */,
			);
			name = LaunchScreen.storyboard;
			sourceTree = "<group>";
		};
/* End PBXVariantGroup section */

/* Begin XCBuildConfiguration section */
		ACDDAAF11E9CFA9F00DACAFC /* Debug */ = {
			isa = XCBuildConfiguration;
			buildSettings = {
				ALWAYS_SEARCH_USER_PATHS = NO;
				CLANG_ANALYZER_NONNULL = YES;
				CLANG_ANALYZER_NUMBER_OBJECT_CONVERSION = YES_AGGRESSIVE;
				CLANG_CXX_LANGUAGE_STANDARD = "gnu++0x";
				CLANG_CXX_LIBRARY = "libc++";
				CLANG_ENABLE_MODULES = YES;
				CLANG_ENABLE_OBJC_ARC = YES;
				CLANG_WARN_BOOL_CONVERSION = YES;
				CLANG_WARN_CONSTANT_CONVERSION = YES;
				CLANG_WARN_DIRECT_OBJC_ISA_USAGE = YES_ERROR;
				CLANG_WARN_DOCUMENTATION_COMMENTS = YES;
				CLANG_WARN_EMPTY_BODY = YES;
				CLANG_WARN_ENUM_CONVERSION = YES;
				CLANG_WARN_INFINITE_RECURSION = YES;
				CLANG_WARN_INT_CONVERSION = YES;
				CLANG_WARN_OBJC_ROOT_CLASS = YES_ERROR;
				CLANG_WARN_SUSPICIOUS_MOVE = YES;
				CLANG_WARN_UNREACHABLE_CODE = YES;
				CLANG_WARN__DUPLICATE_METHOD_MATCH = YES;
				"CODE_SIGN_IDENTITY[sdk=iphoneos*]" = "iPhone Developer";
				COPY_PHASE_STRIP = NO;
				DEBUG_INFORMATION_FORMAT = dwarf;
				ENABLE_STRICT_OBJC_MSGSEND = YES;
				ENABLE_TESTABILITY = YES;
				GCC_C_LANGUAGE_STANDARD = gnu99;
				GCC_DYNAMIC_NO_PIC = NO;
				GCC_NO_COMMON_BLOCKS = YES;
				GCC_OPTIMIZATION_LEVEL = 0;
				GCC_PREPROCESSOR_DEFINITIONS = (
					"DEBUG=1",
					"$(inherited)",
				);
				GCC_WARN_64_TO_32_BIT_CONVERSION = YES;
				GCC_WARN_ABOUT_RETURN_TYPE = YES_ERROR;
				GCC_WARN_UNDECLARED_SELECTOR = YES;
				GCC_WARN_UNINITIALIZED_AUTOS = YES_AGGRESSIVE;
				GCC_WARN_UNUSED_FUNCTION = YES;
				GCC_WARN_UNUSED_VARIABLE = YES;
				IPHONEOS_DEPLOYMENT_TARGET = 10.3;
				MTL_ENABLE_DEBUG_INFO = YES;
				ONLY_ACTIVE_ARCH = YES;
				SDKROOT = iphoneos;
				SWIFT_ACTIVE_COMPILATION_CONDITIONS = DEBUG;
				SWIFT_OPTIMIZATION_LEVEL = "-Onone";
				TARGETED_DEVICE_FAMILY = "1,2";
			};
			name = Debug;
		};
		ACDDAAF21E9CFA9F00DACAFC /* Release */ = {
			isa = XCBuildConfiguration;
			buildSettings = {
				ALWAYS_SEARCH_USER_PATHS = NO;
				CLANG_ANALYZER_NONNULL = YES;
				CLANG_ANALYZER_NUMBER_OBJECT_CONVERSION = YES_AGGRESSIVE;
				CLANG_CXX_LANGUAGE_STANDARD = "gnu++0x";
				CLANG_CXX_LIBRARY = "libc++";
				CLANG_ENABLE_MODULES = YES;
				CLANG_ENABLE_OBJC_ARC = YES;
				CLANG_WARN_BOOL_CONVERSION = YES;
				CLANG_WARN_CONSTANT_CONVERSION = YES;
				CLANG_WARN_DIRECT_OBJC_ISA_USAGE = YES_ERROR;
				CLANG_WARN_DOCUMENTATION_COMMENTS = YES;
				CLANG_WARN_EMPTY_BODY = YES;
				CLANG_WARN_ENUM_CONVERSION = YES;
				CLANG_WARN_INFINITE_RECURSION = YES;
				CLANG_WARN_INT_CONVERSION = YES;
				CLANG_WARN_OBJC_ROOT_CLASS = YES_ERROR;
				CLANG_WARN_SUSPICIOUS_MOVE = YES;
				CLANG_WARN_UNREACHABLE_CODE = YES;
				CLANG_WARN__DUPLICATE_METHOD_MATCH = YES;
				"CODE_SIGN_IDENTITY[sdk=iphoneos*]" = "iPhone Developer";
				COPY_PHASE_STRIP = NO;
				DEBUG_INFORMATION_FORMAT = "dwarf-with-dsym";
				ENABLE_NS_ASSERTIONS = NO;
				ENABLE_STRICT_OBJC_MSGSEND = YES;
				GCC_C_LANGUAGE_STANDARD = gnu99;
				GCC_NO_COMMON_BLOCKS = YES;
				GCC_WARN_64_TO_32_BIT_CONVERSION = YES;
				GCC_WARN_ABOUT_RETURN_TYPE = YES_ERROR;
				GCC_WARN_UNDECLARED_SELECTOR = YES;
				GCC_WARN_UNINITIALIZED_AUTOS = YES_AGGRESSIVE;
				GCC_WARN_UNUSED_FUNCTION = YES;
				GCC_WARN_UNUSED_VARIABLE = YES;
				IPHONEOS_DEPLOYMENT_TARGET = 10.3;
				MTL_ENABLE_DEBUG_INFO = NO;
				SDKROOT = iphoneos;
				SWIFT_OPTIMIZATION_LEVEL = "-Owholemodule";
				TARGETED_DEVICE_FAMILY = "1,2";
				VALIDATE_PRODUCT = YES;
			};
			name = Release;
		};
		ACDDAAF41E9CFA9F00DACAFC /* Debug */ = {
			isa = XCBuildConfiguration;
			buildSettings = {
				ASSETCATALOG_COMPILER_APPICON_NAME = AppIcon;
				DEVELOPMENT_TEAM = RS63YP55QE;
				INFOPLIST_FILE = Parallaxe/Info.plist;
				LD_RUNPATH_SEARCH_PATHS = "$(inherited) @executable_path/Frameworks";
				PRODUCT_BUNDLE_IDENTIFIER = com.procuste.Parallaxe;
				PRODUCT_NAME = "$(TARGET_NAME)";
				SWIFT_VERSION = 3.0;
			};
			name = Debug;
		};
		ACDDAAF51E9CFA9F00DACAFC /* Release */ = {
			isa = XCBuildConfiguration;
			buildSettings = {
				ASSETCATALOG_COMPILER_APPICON_NAME = AppIcon;
				DEVELOPMENT_TEAM = RS63YP55QE;
				INFOPLIST_FILE = Parallaxe/Info.plist;
				LD_RUNPATH_SEARCH_PATHS = "$(inherited) @executable_path/Frameworks";
				PRODUCT_BUNDLE_IDENTIFIER = com.procuste.Parallaxe;
				PRODUCT_NAME = "$(TARGET_NAME)";
				SWIFT_VERSION = 3.0;
			};
			name = Release;
		};
/* End XCBuildConfiguration section */

/* Begin XCConfigurationList section */
		ACDDAADC1E9CFA9F00DACAFC /* Build configuration list for PBXProject "Parallaxe" */ = {
			isa = XCConfigurationList;
			buildConfigurations = (
				ACDDAAF11E9CFA9F00DACAFC /* Debug */,
				ACDDAAF21E9CFA9F00DACAFC /* Release */,
			);
			defaultConfigurationIsVisible = 0;
			defaultConfigurationName = Release;
		};
		ACDDAAF31E9CFA9F00DACAFC /* Build configuration list for PBXNativeTarget "Parallaxe" */ = {
			isa = XCConfigurationList;
			buildConfigurations = (
				ACDDAAF41E9CFA9F00DACAFC /* Debug */,
				ACDDAAF51E9CFA9F00DACAFC /* Release */,
			);
			defaultConfigurationIsVisible = 0;
		};
/* End XCConfigurationList section */
	};
	rootObject = ACDDAAD91E9CFA9F00DACAFC /* Project object */;
}
